{
  "originHash" : "a020e5a562f4ee4285d56bd3a40da02fca4baf656c62d77682e43751ce396914",
  "pins" : [
    {
      "identity" : "pointsdk-ios",
      "kind" : "remoteSourceControl",
      "location" : "https://github.com/Bluedot-Innovation/PointSDK-iOS",
      "state" : {
        "revision" : "d84cc3516ae1bff2117978f0f01567d1b61a957b",
        "version" : "18.1.0"
      }
    }
  ],
  "version" : 3
}
